
Microsoft Visual Studio Solution File, Format Version 12.00
# Visual Studio 15
VisualStudioVersion = 15.0.27130.2010
MinimumVisualStudioVersion = 10.0.40219.1
Project("{9A19103F-16F7-4668-BE54-9A1E7A4F7556}") = "MAT.OCS.Streaming.Samples", "MAT.OCS.Streaming.Samples\MAT.OCS.Streaming.Samples.csproj", "{01646097-5AED-4C72-B463-0A943B197941}"
EndProject
Global
	GlobalSection(SolutionConfigurationPlatforms) = preSolution
		Debug|Any CPU = Debug|Any CPU
		Release|Any CPU = Release|Any CPU
	EndGlobalSection
	GlobalSection(ProjectConfigurationPlatforms) = postSolution
		{01646097-5AED-4C72-B463-0A943B197941}.Debug|Any CPU.ActiveCfg = Debug|Any CPU
		{01646097-5AED-4C72-B463-0A943B197941}.Debug|Any CPU.Build.0 = Debug|Any CPU
		{01646097-5AED-4C72-B463-0A943B197941}.Release|Any CPU.ActiveCfg = Release|Any CPU
		{01646097-5AED-4C72-B463-0A943B197941}.Release|Any CPU.Build.0 = Release|Any CPU
	EndGlobalSection
	GlobalSection(SolutionProperties) = preSolution
		HideSolutionNode = FALSE
	EndGlobalSection
	GlobalSection(ExtensibilityGlobals) = postSolution
		SolutionGuid = {8B7E82FA-E46A-44AE-8C14-FD3F720FBF15}
	EndGlobalSection
EndGlobal
